
Microsoft Visual Studio Solution File, Format Version 12.00
# Visual Studio Version 17
VisualStudioVersion = 17.10.34928.147
MinimumVisualStudioVersion = 10.0.40219.1
Project("{FAE04EC0-301F-11D3-BF4B-00C04F79EFBC}") = "11-RazorSyntax", "11-RazorSyntax\11-RazorSyntax.csproj", "{3843953A-BC43-40C5-BFEB-19D8F291E533}"
EndProject
Global
	GlobalSection(SolutionConfigurationPlatforms) = preSolution
		Debug|Any CPU = Debug|Any CPU
		Release|Any CPU = Release|Any CPU
	EndGlobalSection
	GlobalSection(ProjectConfigurationPlatforms) = postSolution
		{3843953A-BC43-40C5-BFEB-19D8F291E533}.Debug|Any CPU.ActiveCfg = Debug|Any CPU
		{3843953A-BC43-40C5-BFEB-19D8F291E533}.Debug|Any CPU.Build.0 = Debug|Any CPU
		{3843953A-BC43-40C5-BFEB-19D8F291E533}.Release|Any CPU.ActiveCfg = Release|Any CPU
		{3843953A-BC43-40C5-BFEB-19D8F291E533}.Release|Any CPU.Build.0 = Release|Any CPU
	EndGlobalSection
	GlobalSection(SolutionProperties) = preSolution
		HideSolutionNode = FALSE
	EndGlobalSection
	GlobalSection(ExtensibilityGlobals) = postSolution
		SolutionGuid = {40CEAAA1-6650-4FBB-9BF1-BB48A557F34C}
	EndGlobalSection
EndGlobal
