
Microsoft Visual Studio Solution File, Format Version 12.00
# Visual Studio Version 17
VisualStudioVersion = 17.10.34928.147
MinimumVisualStudioVersion = 10.0.40219.1
Project("{FAE04EC0-301F-11D3-BF4B-00C04F79EFBC}") = "02-Operators", "02-Operators\02-Operators.csproj", "{F7306F48-4539-47F2-9CC7-7784E130544F}"
EndProject
Global
	GlobalSection(SolutionConfigurationPlatforms) = preSolution
		Debug|Any CPU = Debug|Any CPU
		Release|Any CPU = Release|Any CPU
	EndGlobalSection
	GlobalSection(ProjectConfigurationPlatforms) = postSolution
		{F7306F48-4539-47F2-9CC7-7784E130544F}.Debug|Any CPU.ActiveCfg = Debug|Any CPU
		{F7306F48-4539-47F2-9CC7-7784E130544F}.Debug|Any CPU.Build.0 = Debug|Any CPU
		{F7306F48-4539-47F2-9CC7-7784E130544F}.Release|Any CPU.ActiveCfg = Release|Any CPU
		{F7306F48-4539-47F2-9CC7-7784E130544F}.Release|Any CPU.Build.0 = Release|Any CPU
	EndGlobalSection
	GlobalSection(SolutionProperties) = preSolution
		HideSolutionNode = FALSE
	EndGlobalSection
	GlobalSection(ExtensibilityGlobals) = postSolution
		SolutionGuid = {FDA96D7C-129D-4F24-BC54-306B18ACBCBC}
	EndGlobalSection
EndGlobal
